// !$*UTF8*$!
{
	archiveVersion = 1;
	classes = {
	};
	objectVersion = 56;
	objects = {

/* Begin PBXBuildFile section */
		1D49F1FE2AB7EAB900598AD2 /* ViewController.swift in Sources */ = {isa = PBXBuildFile; fileRef = 1D49F1FD2AB7EAB900598AD2 /* ViewController.swift */; };
		1D49F2002AB7EDFA00598AD2 /* Main .storyboard in Resources */ = {isa = PBXBuildFile; fileRef = 1D49F1FF2AB7EDFA00598AD2 /* Main .storyboard */; };
		1D49F2032AB8A51700598AD2 /* MovieTableViewCell.swift in Sources */ = {isa = PBXBuildFile; fileRef = 1D49F2012AB8A51700598AD2 /* MovieTableViewCell.swift */; };
		1D49F2042AB8A51700598AD2 /* MovieTableViewCell.xib in Resources */ = {isa = PBXBuildFile; fileRef = 1D49F2022AB8A51700598AD2 /* MovieTableViewCell.xib */; };
		1D49F2072AB8B1A500598AD2 /* SceneDelegate.swift in Sources */ = {isa = PBXBuildFile; fileRef = 1D49F2062AB8B1A500598AD2 /* SceneDelegate.swift */; };
		1D49F2092AB8B21E00598AD2 /* AppDelegate.swift in Sources */ = {isa = PBXBuildFile; fileRef = 1D49F2082AB8B21E00598AD2 /* AppDelegate.swift */; };
		1D49F2152AB8B50E00598AD2 /* Contents.geojson in Resources */ = {isa = PBXBuildFile; fileRef = 1D49F2142AB8B50E00598AD2 /* Contents.geojson */; };
		1D7993012AB8B76C001E718B /* Launch Screen.storyboard in Resources */ = {isa = PBXBuildFile; fileRef = 1D7993002AB8B76C001E718B /* Launch Screen.storyboard */; };
/* End PBXBuildFile section */

/* Begin PBXFileReference section */
		1D49F1FD2AB7EAB900598AD2 /* ViewController.swift */ = {isa = PBXFileReference; lastKnownFileType = sourcecode.swift; path = ViewController.swift; sourceTree = "<group>"; };
		1D49F1FF2AB7EDFA00598AD2 /* Main .storyboard */ = {isa = PBXFileReference; lastKnownFileType = file.storyboard; path = "Main .storyboard"; sourceTree = "<group>"; };
		1D49F2012AB8A51700598AD2 /* MovieTableViewCell.swift */ = {isa = PBXFileReference; lastKnownFileType = sourcecode.swift; path = MovieTableViewCell.swift; sourceTree = "<group>"; };
		1D49F2022AB8A51700598AD2 /* MovieTableViewCell.xib */ = {isa = PBXFileReference; lastKnownFileType = file.xib; path = MovieTableViewCell.xib; sourceTree = "<group>"; };
		1D49F2062AB8B1A500598AD2 /* SceneDelegate.swift */ = {isa = PBXFileReference; lastKnownFileType = sourcecode.swift; path = SceneDelegate.swift; sourceTree = "<group>"; };
		1D49F2082AB8B21E00598AD2 /* AppDelegate.swift */ = {isa = PBXFileReference; lastKnownFileType = sourcecode.swift; path = AppDelegate.swift; sourceTree = "<group>"; };
		1D49F2112AB8B48900598AD2 /* Contents.geojson */ = {isa = PBXFileReference; lastKnownFileType = text; path = Contents.geojson; sourceTree = "<group>"; };
		1D49F2142AB8B50E00598AD2 /* Contents.geojson */ = {isa = PBXFileReference; lastKnownFileType = text; path = Contents.geojson; sourceTree = "<group>"; };
		1D754DC32AB36F620074E87C /* SearchandFilter.app */ = {isa = PBXFileReference; explicitFileType = wrapper.application; includeInIndex = 0; path = SearchandFilter.app; sourceTree = BUILT_PRODUCTS_DIR; };
		1D7993002AB8B76C001E718B /* Launch Screen.storyboard */ = {isa = PBXFileReference; lastKnownFileType = file.storyboard; path = "Launch Screen.storyboard"; sourceTree = "<group>"; };
		1D7993042AB8B875001E718B /* Contents.geojson */ = {isa = PBXFileReference; lastKnownFileType = text; path = Contents.geojson; sourceTree = "<group>"; };
/* End PBXFileReference section */

/* Begin PBXFrameworksBuildPhase section */
		1D754DC02AB36F620074E87C /* Frameworks */ = {
			isa = PBXFrameworksBuildPhase;
			buildActionMask = 2147483647;
			files = (
			);
			runOnlyForDeploymentPostprocessing = 0;
		};
/* End PBXFrameworksBuildPhase section */

/* Begin PBXGroup section */
		1D49F1FC2AB7EA6800598AD2 /* Movie Searcher */ = {
			isa = PBXGroup;
			children = (
				1D7993022AB8B81D001E718B /* Preview Content */,
				1D49F2082AB8B21E00598AD2 /* AppDelegate.swift */,
				1D49F1FD2AB7EAB900598AD2 /* ViewController.swift */,
				1D49F1FF2AB7EDFA00598AD2 /* Main .storyboard */,
				1D49F2012AB8A51700598AD2 /* MovieTableViewCell.swift */,
				1D49F2022AB8A51700598AD2 /* MovieTableViewCell.xib */,
				1D49F2062AB8B1A500598AD2 /* SceneDelegate.swift */,
				1D7993002AB8B76C001E718B /* Launch Screen.storyboard */,
			);
			path = "Movie Searcher";
			sourceTree = "<group>";
		};
		1D49F2052AB8B17100598AD2 /* Product */ = {
			isa = PBXGroup;
			children = (
			);
			path = Product;
			sourceTree = "<group>";
		};
		1D49F2102AB8B45700598AD2 /* Assets.xcassets */ = {
			isa = PBXGroup;
			children = (
				1D49F2132AB8B4D100598AD2 /* AppIcon.appiconset */,
				1D49F2112AB8B48900598AD2 /* Contents.geojson */,
			);
			path = Assets.xcassets;
			sourceTree = "<group>";
		};
		1D49F2132AB8B4D100598AD2 /* AppIcon.appiconset */ = {
			isa = PBXGroup;
			children = (
				1D49F2142AB8B50E00598AD2 /* Contents.geojson */,
			);
			path = AppIcon.appiconset;
			sourceTree = "<group>";
		};
		1D754DBA2AB36F620074E87C = {
			isa = PBXGroup;
			children = (
				1D49F2102AB8B45700598AD2 /* Assets.xcassets */,
				1D49F1FC2AB7EA6800598AD2 /* Movie Searcher */,
				1D49F2052AB8B17100598AD2 /* Product */,
				1D754DC42AB36F620074E87C /* Products */,
			);
			sourceTree = "<group>";
		};
		1D754DC42AB36F620074E87C /* Products */ = {
			isa = PBXGroup;
			children = (
				1D754DC32AB36F620074E87C /* SearchandFilter.app */,
			);
			name = Products;
			sourceTree = "<group>";
		};
		1D7993022AB8B81D001E718B /* Preview Content */ = {
			isa = PBXGroup;
			children = (
				1D7993032AB8B85F001E718B /* Preview Assets.xcassets */,
			);
			path = "Preview Content";
			sourceTree = "<group>";
		};
		1D7993032AB8B85F001E718B /* Preview Assets.xcassets */ = {
			isa = PBXGroup;
			children = (
				1D7993042AB8B875001E718B /* Contents.geojson */,
			);
			path = "Preview Assets.xcassets";
			sourceTree = "<group>";
		};
/* End PBXGroup section */

/* Begin PBXNativeTarget section */
		1D754DC22AB36F620074E87C /* SearchandFilter */ = {
			isa = PBXNativeTarget;
			buildConfigurationList = 1D754DD12AB36F630074E87C /* Build configuration list for PBXNativeTarget "SearchandFilter" */;
			buildPhases = (
				1D754DBF2AB36F620074E87C /* Sources */,
				1D754DC02AB36F620074E87C /* Frameworks */,
				1D754DC12AB36F620074E87C /* Resources */,
			);
			buildRules = (
			);
			dependencies = (
			);
			name = SearchandFilter;
			productName = SearchandFilter;
			productReference = 1D754DC32AB36F620074E87C /* SearchandFilter.app */;
			productType = "com.apple.product-type.application";
		};
/* End PBXNativeTarget section */

/* Begin PBXProject section */
		1D754DBB2AB36F620074E87C /* Project object */ = {
			isa = PBXProject;
			attributes = {
				BuildIndependentTargetsInParallel = 1;
				LastSwiftUpdateCheck = 1430;
				LastUpgradeCheck = 1430;
				TargetAttributes = {
					1D754DC22AB36F620074E87C = {
						CreatedOnToolsVersion = 14.3.1;
					};
				};
			};
			buildConfigurationList = 1D754DBE2AB36F620074E87C /* Build configuration list for PBXProject "SearchandFilter" */;
			compatibilityVersion = "Xcode 14.0";
			developmentRegion = en;
			hasScannedForEncodings = 0;
			knownRegions = (
				en,
				Base,
			);
			mainGroup = 1D754DBA2AB36F620074E87C;
			productRefGroup = 1D754DC42AB36F620074E87C /* Products */;
			projectDirPath = "";
			projectRoot = "";
			targets = (
				1D754DC22AB36F620074E87C /* SearchandFilter */,
			);
		};
/* End PBXProject section */

/* Begin PBXResourcesBuildPhase section */
		1D754DC12AB36F620074E87C /* Resources */ = {
			isa = PBXResourcesBuildPhase;
			buildActionMask = 2147483647;
			files = (
				1D49F2042AB8A51700598AD2 /* MovieTableViewCell.xib in Resources */,
				1D49F2002AB7EDFA00598AD2 /* Main .storyboard in Resources */,
				1D7993012AB8B76C001E718B /* Launch Screen.storyboard in Resources */,
				1D49F2152AB8B50E00598AD2 /* Contents.geojson in Resources */,
			);
			runOnlyForDeploymentPostprocessing = 0;
		};
/* End PBXResourcesBuildPhase section */

/* Begin PBXSourcesBuildPhase section */
		1D754DBF2AB36F620074E87C /* Sources */ = {
			isa = PBXSourcesBuildPhase;
			buildActionMask = 2147483647;
			files = (
				1D49F2092AB8B21E00598AD2 /* AppDelegate.swift in Sources */,
				1D49F2032AB8A51700598AD2 /* MovieTableViewCell.swift in Sources */,
				1D49F1FE2AB7EAB900598AD2 /* ViewController.swift in Sources */,
				1D49F2072AB8B1A500598AD2 /* SceneDelegate.swift in Sources */,
			);
			runOnlyForDeploymentPostprocessing = 0;
		};
/* End PBXSourcesBuildPhase section */

/* Begin XCBuildConfiguration section */
		1D754DCF2AB36F630074E87C /* Debug */ = {
			isa = XCBuildConfiguration;
			buildSettings = {
				ALWAYS_SEARCH_USER_PATHS = NO;
				CLANG_ANALYZER_NONNULL = YES;
				CLANG_ANALYZER_NUMBER_OBJECT_CONVERSION = YES_AGGRESSIVE;
				CLANG_CXX_LANGUAGE_STANDARD = "gnu++20";
				CLANG_ENABLE_MODULES = YES;
				CLANG_ENABLE_OBJC_ARC = YES;
				CLANG_ENABLE_OBJC_WEAK = YES;
				CLANG_WARN_BLOCK_CAPTURE_AUTORELEASING = YES;
				CLANG_WARN_BOOL_CONVERSION = YES;
				CLANG_WARN_COMMA = YES;
				CLANG_WARN_CONSTANT_CONVERSION = YES;
				CLANG_WARN_DEPRECATED_OBJC_IMPLEMENTATIONS = YES;
				CLANG_WARN_DIRECT_OBJC_ISA_USAGE = YES_ERROR;
				CLANG_WARN_DOCUMENTATION_COMMENTS = YES;
				CLANG_WARN_EMPTY_BODY = YES;
				CLANG_WARN_ENUM_CONVERSION = YES;
				CLANG_WARN_INFINITE_RECURSION = YES;
				CLANG_WARN_INT_CONVERSION = YES;
				CLANG_WARN_NON_LITERAL_NULL_CONVERSION = YES;
				CLANG_WARN_OBJC_IMPLICIT_RETAIN_SELF = YES;
				CLANG_WARN_OBJC_LITERAL_CONVERSION = YES;
				CLANG_WARN_OBJC_ROOT_CLASS = YES_ERROR;
				CLANG_WARN_QUOTED_INCLUDE_IN_FRAMEWORK_HEADER = YES;
				CLANG_WARN_RANGE_LOOP_ANALYSIS = YES;
				CLANG_WARN_STRICT_PROTOTYPES = YES;
				CLANG_WARN_SUSPICIOUS_MOVE = YES;
				CLANG_WARN_UNGUARDED_AVAILABILITY = YES_AGGRESSIVE;
				CLANG_WARN_UNREACHABLE_CODE = YES;
				CLANG_WARN__DUPLICATE_METHOD_MATCH = YES;
				COPY_PHASE_STRIP = YES;
				DEBUG_INFORMATION_FORMAT = dwarf;
				ENABLE_STRICT_OBJC_MSGSEND = YES;
				ENABLE_TESTABILITY = YES;
				GCC_C_LANGUAGE_STANDARD = gnu11;
				GCC_DYNAMIC_NO_PIC = NO;
				GCC_NO_COMMON_BLOCKS = YES;
				GCC_OPTIMIZATION_LEVEL = 0;
				GCC_PREPROCESSOR_DEFINITIONS = (
					"DEBUG=1",
					"$(inherited)",
				);
				GCC_WARN_64_TO_32_BIT_CONVERSION = YES;
				GCC_WARN_ABOUT_RETURN_TYPE = YES_ERROR;
				GCC_WARN_UNDECLARED_SELECTOR = YES;
				GCC_WARN_UNINITIALIZED_AUTOS = YES_AGGRESSIVE;
				GCC_WARN_UNUSED_FUNCTION = YES;
				GCC_WARN_UNUSED_VARIABLE = YES;
				IPHONEOS_DEPLOYMENT_TARGET = 16.4;
				MTL_ENABLE_DEBUG_INFO = INCLUDE_SOURCE;
				MTL_FAST_MATH = YES;
				ONLY_ACTIVE_ARCH = YES;
				SDKROOT = iphoneos;
				SWIFT_ACTIVE_COMPILATION_CONDITIONS = DEBUG;
				SWIFT_OPTIMIZATION_LEVEL = "-Onone";
			};
			name = Debug;
		};
		1D754DD02AB36F630074E87C /* Release */ = {
			isa = XCBuildConfiguration;
			buildSettings = {
				ALWAYS_SEARCH_USER_PATHS = NO;
				CLANG_ANALYZER_NONNULL = YES;
				CLANG_ANALYZER_NUMBER_OBJECT_CONVERSION = YES_AGGRESSIVE;
				CLANG_CXX_LANGUAGE_STANDARD = "gnu++20";
				CLANG_ENABLE_MODULES = YES;
				CLANG_ENABLE_OBJC_ARC = YES;
				CLANG_ENABLE_OBJC_WEAK = YES;
				CLANG_WARN_BLOCK_CAPTURE_AUTORELEASING = YES;
				CLANG_WARN_BOOL_CONVERSION = YES;
				CLANG_WARN_COMMA = YES;
				CLANG_WARN_CONSTANT_CONVERSION = YES;
				CLANG_WARN_DEPRECATED_OBJC_IMPLEMENTATIONS = YES;
				CLANG_WARN_DIRECT_OBJC_ISA_USAGE = YES_ERROR;
				CLANG_WARN_DOCUMENTATION_COMMENTS = YES;
				CLANG_WARN_EMPTY_BODY = YES;
				CLANG_WARN_ENUM_CONVERSION = YES;
				CLANG_WARN_INFINITE_RECURSION = YES;
				CLANG_WARN_INT_CONVERSION = YES;
				CLANG_WARN_NON_LITERAL_NULL_CONVERSION = YES;
				CLANG_WARN_OBJC_IMPLICIT_RETAIN_SELF = YES;
				CLANG_WARN_OBJC_LITERAL_CONVERSION = YES;
				CLANG_WARN_OBJC_ROOT_CLASS = YES_ERROR;
				CLANG_WARN_QUOTED_INCLUDE_IN_FRAMEWORK_HEADER = YES;
				CLANG_WARN_RANGE_LOOP_ANALYSIS = YES;
				CLANG_WARN_STRICT_PROTOTYPES = YES;
				CLANG_WARN_SUSPICIOUS_MOVE = YES;
				CLANG_WARN_UNGUARDED_AVAILABILITY = YES_AGGRESSIVE;
				CLANG_WARN_UNREACHABLE_CODE = YES;
				CLANG_WARN__DUPLICATE_METHOD_MATCH = YES;
				COPY_PHASE_STRIP = YES;
				DEBUG_INFORMATION_FORMAT = "dwarf-with-dsym";
				ENABLE_NS_ASSERTIONS = NO;
				ENABLE_STRICT_OBJC_MSGSEND = YES;
				GCC_C_LANGUAGE_STANDARD = gnu11;
				GCC_NO_COMMON_BLOCKS = YES;
				GCC_WARN_64_TO_32_BIT_CONVERSION = YES;
				GCC_WARN_ABOUT_RETURN_TYPE = YES_ERROR;
				GCC_WARN_UNDECLARED_SELECTOR = YES;
				GCC_WARN_UNINITIALIZED_AUTOS = YES_AGGRESSIVE;
				GCC_WARN_UNUSED_FUNCTION = YES;
				GCC_WARN_UNUSED_VARIABLE = YES;
				IPHONEOS_DEPLOYMENT_TARGET = 16.4;
				MTL_ENABLE_DEBUG_INFO = NO;
				MTL_FAST_MATH = YES;
				SDKROOT = iphoneos;
				SWIFT_COMPILATION_MODE = wholemodule;
				SWIFT_OPTIMIZATION_LEVEL = "-O";
				VALIDATE_PRODUCT = YES;
			};
			name = Release;
		};
		1D754DD22AB36F630074E87C /* Debug */ = {
			isa = XCBuildConfiguration;
			buildSettings = {
				ASSETCATALOG_COMPILER_APPICON_NAME = AppIcon;
				ASSETCATALOG_COMPILER_GLOBAL_ACCENT_COLOR_NAME = AccentColor;
				CODE_SIGN_STYLE = Automatic;
				CURRENT_PROJECT_VERSION = 1;
				DEVELOPMENT_ASSET_PATHS = "\"SearchandFilter/Preview Content\"";
				DEVELOPMENT_TEAM = 8N844QDW77;
				ENABLE_PREVIEWS = YES;
				GENERATE_INFOPLIST_FILE = YES;
				INFOPLIST_KEY_UIApplicationSceneManifest_Generation = YES;
				INFOPLIST_KEY_UIApplicationSupportsIndirectInputEvents = YES;
				INFOPLIST_KEY_UILaunchScreen_Generation = YES;
				INFOPLIST_KEY_UISupportedInterfaceOrientations_iPad = "UIInterfaceOrientationPortrait UIInterfaceOrientationPortraitUpsideDown UIInterfaceOrientationLandscapeLeft UIInterfaceOrientationLandscapeRight";
				INFOPLIST_KEY_UISupportedInterfaceOrientations_iPhone = "UIInterfaceOrientationPortrait UIInterfaceOrientationLandscapeLeft UIInterfaceOrientationLandscapeRight";
				LD_RUNPATH_SEARCH_PATHS = (
					"$(inherited)",
					"@executable_path/Frameworks",
				);
				MARKETING_VERSION = 1.0;
				PRODUCT_BUNDLE_IDENTIFIER = vn.edu.rmit.nghi.SearchandFilter;
				PRODUCT_NAME = "$(TARGET_NAME)";
				SWIFT_EMIT_LOC_STRINGS = YES;
				SWIFT_VERSION = 5.0;
				TARGETED_DEVICE_FAMILY = "1,2";
			};
			name = Debug;
		};
		1D754DD32AB36F630074E87C /* Release */ = {
			isa = XCBuildConfiguration;
			buildSettings = {
				ASSETCATALOG_COMPILER_APPICON_NAME = AppIcon;
				ASSETCATALOG_COMPILER_GLOBAL_ACCENT_COLOR_NAME = AccentColor;
				CODE_SIGN_STYLE = Automatic;
				CURRENT_PROJECT_VERSION = 1;
				DEVELOPMENT_ASSET_PATHS = "\"SearchandFilter/Preview Content\"";
				DEVELOPMENT_TEAM = 8N844QDW77;
				ENABLE_PREVIEWS = YES;
				GENERATE_INFOPLIST_FILE = YES;
				INFOPLIST_KEY_UIApplicationSceneManifest_Generation = YES;
				INFOPLIST_KEY_UIApplicationSupportsIndirectInputEvents = YES;
				INFOPLIST_KEY_UILaunchScreen_Generation = YES;
				INFOPLIST_KEY_UISupportedInterfaceOrientations_iPad = "UIInterfaceOrientationPortrait UIInterfaceOrientationPortraitUpsideDown UIInterfaceOrientationLandscapeLeft UIInterfaceOrientationLandscapeRight";
				INFOPLIST_KEY_UISupportedInterfaceOrientations_iPhone = "UIInterfaceOrientationPortrait UIInterfaceOrientationLandscapeLeft UIInterfaceOrientationLandscapeRight";
				LD_RUNPATH_SEARCH_PATHS = (
					"$(inherited)",
					"@executable_path/Frameworks",
				);
				MARKETING_VERSION = 1.0;
				PRODUCT_BUNDLE_IDENTIFIER = vn.edu.rmit.nghi.SearchandFilter;
				PRODUCT_NAME = "$(TARGET_NAME)";
				SWIFT_EMIT_LOC_STRINGS = YES;
				SWIFT_VERSION = 5.0;
				TARGETED_DEVICE_FAMILY = "1,2";
			};
			name = Release;
		};
/* End XCBuildConfiguration section */

/* Begin XCConfigurationList section */
		1D754DBE2AB36F620074E87C /* Build configuration list for PBXProject "SearchandFilter" */ = {
			isa = XCConfigurationList;
			buildConfigurations = (
				1D754DCF2AB36F630074E87C /* Debug */,
				1D754DD02AB36F630074E87C /* Release */,
			);
			defaultConfigurationIsVisible = 0;
			defaultConfigurationName = Release;
		};
		1D754DD12AB36F630074E87C /* Build configuration list for PBXNativeTarget "SearchandFilter" */ = {
			isa = XCConfigurationList;
			buildConfigurations = (
				1D754DD22AB36F630074E87C /* Debug */,
				1D754DD32AB36F630074E87C /* Release */,
			);
			defaultConfigurationIsVisible = 0;
			defaultConfigurationName = Release;
		};
/* End XCConfigurationList section */
	};
	rootObject = 1D754DBB2AB36F620074E87C /* Project object */;
}
